
Microsoft Visual Studio Solution File, Format Version 12.00
# Visual Studio Version 17
VisualStudioVersion = 17.7.34009.444
MinimumVisualStudioVersion = 10.0.40219.1
Project("{FAE04EC0-301F-11D3-BF4B-00C04F79EFBC}") = "PRG 282 project", "PRG 282 project\PRG 282 project.csproj", "{8D8625ED-7E38-4D99-A7AC-0DE7EB66763B}"
EndProject
Global
	GlobalSection(SolutionConfigurationPlatforms) = preSolution
		Debug|Any CPU = Debug|Any CPU
		Release|Any CPU = Release|Any CPU
	EndGlobalSection
	GlobalSection(ProjectConfigurationPlatforms) = postSolution
		{8D8625ED-7E38-4D99-A7AC-0DE7EB66763B}.Debug|Any CPU.ActiveCfg = Debug|Any CPU
		{8D8625ED-7E38-4D99-A7AC-0DE7EB66763B}.Debug|Any CPU.Build.0 = Debug|Any CPU
		{8D8625ED-7E38-4D99-A7AC-0DE7EB66763B}.Release|Any CPU.ActiveCfg = Release|Any CPU
		{8D8625ED-7E38-4D99-A7AC-0DE7EB66763B}.Release|Any CPU.Build.0 = Release|Any CPU
	EndGlobalSection
	GlobalSection(SolutionProperties) = preSolution
		HideSolutionNode = FALSE
	EndGlobalSection
	GlobalSection(ExtensibilityGlobals) = postSolution
		SolutionGuid = {76C0793F-7E51-4887-8A4F-FBAA3791C61C}
	EndGlobalSection
EndGlobal
